
Microsoft Visual Studio Solution File, Format Version 12.00
# Visual Studio Version 17
VisualStudioVersion = 17.7.34221.43
MinimumVisualStudioVersion = 10.0.40219.1
Project("{FAE04EC0-301F-11D3-BF4B-00C04F79EFBC}") = "NotesApi", "NotesApi.csproj", "{4BE007E8-63F7-43A3-9E0A-761DC887F3BF}"
EndProject
Global
	GlobalSection(SolutionConfigurationPlatforms) = preSolution
		Debug|Any CPU = Debug|Any CPU
		Release|Any CPU = Release|Any CPU
	EndGlobalSection
	GlobalSection(ProjectConfigurationPlatforms) = postSolution
		{4BE007E8-63F7-43A3-9E0A-761DC887F3BF}.Debug|Any CPU.ActiveCfg = Debug|Any CPU
		{4BE007E8-63F7-43A3-9E0A-761DC887F3BF}.Debug|Any CPU.Build.0 = Debug|Any CPU
		{4BE007E8-63F7-43A3-9E0A-761DC887F3BF}.Release|Any CPU.ActiveCfg = Release|Any CPU
		{4BE007E8-63F7-43A3-9E0A-761DC887F3BF}.Release|Any CPU.Build.0 = Release|Any CPU
	EndGlobalSection
	GlobalSection(SolutionProperties) = preSolution
		HideSolutionNode = FALSE
	EndGlobalSection
	GlobalSection(ExtensibilityGlobals) = postSolution
		SolutionGuid = {8D48DB29-D565-40D5-9BDD-6B4C3D5513AB}
	EndGlobalSection
EndGlobal
